
Microsoft Visual Studio Solution File, Format Version 11.00
# Visual Studio 2010
Project("{8BC9CEB8-8B4A-11D0-8D11-00A0C91BC942}") = "VistaFeatures", "VistaFeatures.vcxproj", "{2C7A92E5-1441-4C26-B457-A86A43EA62D7}"
EndProject
Global
	GlobalSection(SolutionConfigurationPlatforms) = preSolution
		Debug|Win32 = Debug|Win32
		Release|Win32 = Release|Win32
	EndGlobalSection
	GlobalSection(ProjectConfigurationPlatforms) = postSolution
		{2C7A92E5-1441-4C26-B457-A86A43EA62D7}.Debug|Win32.ActiveCfg = Debug|Win32
		{2C7A92E5-1441-4C26-B457-A86A43EA62D7}.Release|Win32.ActiveCfg = Release|Win32
	EndGlobalSection
	GlobalSection(SolutionProperties) = preSolution
		HideSolutionNode = FALSE
	EndGlobalSection
EndGlobal
